// !$*UTF8*$!
{
	archiveVersion = 1;
	classes = {
	};
	objectVersion = 56;
	objects = {

/* Begin PBXBuildFile section */
		2A497D5428FE44C7B71656E1 /* OneWordApp.swift in Sources */ = {isa = PBXBuildFile; fileRef = 4C742F43627445B6ADE62EEF /* OneWordApp.swift */; };
		0810CF4B3FC3454F91F35D46 /* DocumentScannerViewModel.swift in Sources */ = {isa = PBXBuildFile; fileRef = 19E20F7326DD4FD495EE43DB /* DocumentScannerViewModel.swift */; };
		E680F46E546C4A6F83887693 /* LibraryViewModel.swift in Sources */ = {isa = PBXBuildFile; fileRef = 1417A597BD104BA18384D898 /* LibraryViewModel.swift */; };
		0B90CE2F7DB44EA281C38EFF /* RSVPReaderViewModel.swift in Sources */ = {isa = PBXBuildFile; fileRef = 27B3F9E773884B20B5034719 /* RSVPReaderViewModel.swift */; };
		A50C600993784268A424A148 /* StatsViewModel.swift in Sources */ = {isa = PBXBuildFile; fileRef = 96F2748BC9704A32A0912FA3 /* StatsViewModel.swift */; };
		033E34A1B2824F4E9190D33F /* Book.swift in Sources */ = {isa = PBXBuildFile; fileRef = 1E2EAB201BBD4CA2AEA32EAA /* Book.swift */; };
		3A89CA3A94EB4F2180BB26CB /* BookPage.swift in Sources */ = {isa = PBXBuildFile; fileRef = 8BC006E57C1148578CDA9CB1 /* BookPage.swift */; };
		A38E1D7143AE424B8908F10E /* Document.swift in Sources */ = {isa = PBXBuildFile; fileRef = A9AA057AB479452E9B0DB562 /* Document.swift */; };
		A53D21E1FFCB4182BC533E28 /* DocumentContent.swift in Sources */ = {isa = PBXBuildFile; fileRef = 949BD65CD3414C09B113B02C /* DocumentContent.swift */; };
		8505CD34EED04A0795FF7A91 /* ModelContainer+Preview.swift in Sources */ = {isa = PBXBuildFile; fileRef = 2F97EB6AD5804E999A6DA763 /* ModelContainer+Preview.swift */; };
		B20AB61333AD4DDCB3D88575 /* ReadingProgress.swift in Sources */ = {isa = PBXBuildFile; fileRef = F441E3B605B549C8B4B093DB /* ReadingProgress.swift */; };
		DBBB4741D10B44F8A891BFDF /* ReadingSession.swift in Sources */ = {isa = PBXBuildFile; fileRef = C9906BB7C7F8450880FF5A6D /* ReadingSession.swift */; };
		06433C282FB34656AE5BB753 /* MainTabView.swift in Sources */ = {isa = PBXBuildFile; fileRef = 041014B3F8064044A607A600 /* MainTabView.swift */; };
		7F1CFBC847284463AC32E586 /* RSVPReaderView.swift in Sources */ = {isa = PBXBuildFile; fileRef = FE11BAC6385D46BF81C18959 /* RSVPReaderView.swift */; };
		C91E324EA66343CF8295EE7A /* LibraryView.swift in Sources */ = {isa = PBXBuildFile; fileRef = 9D353AA01AB14562B28ABCD9 /* LibraryView.swift */; };
		DA8F57D4780146C68108C567 /* AddBookSheetView.swift in Sources */ = {isa = PBXBuildFile; fileRef = 26018F34DCEA4970901A6B97 /* AddBookSheetView.swift */; };
		2491B30545E74498B55802AE /* BookCoverView.swift in Sources */ = {isa = PBXBuildFile; fileRef = F7FDE56490D348309171734E /* BookCoverView.swift */; };
		60949036E9334D9D99FFB25A /* BookDetailView.swift in Sources */ = {isa = PBXBuildFile; fileRef = 3DE1EF53888F487A95951726 /* BookDetailView.swift */; };
		0A1FD850FED84B108AC906C1 /* CameraPickerView.swift in Sources */ = {isa = PBXBuildFile; fileRef = 368834047E404BBF9081D505 /* CameraPickerView.swift */; };
		D2E58741C34B467AAD55B970 /* DocumentScannerView.swift in Sources */ = {isa = PBXBuildFile; fileRef = 2C3C26199E1C4890A3510550 /* DocumentScannerView.swift */; };
		8E03FBA8280E4ADC8A9E06A6 /* VisionDocumentScannerView.swift in Sources */ = {isa = PBXBuildFile; fileRef = 9E9ECBE5287040CC85C34CB8 /* VisionDocumentScannerView.swift */; };
		B85A882DD41240D7823C9B9E /* StatsView.swift in Sources */ = {isa = PBXBuildFile; fileRef = 67184A080EC649EC8F805660 /* StatsView.swift */; };
		5619521A2F764928A32D03D4 /* OCRError.swift in Sources */ = {isa = PBXBuildFile; fileRef = D182988416374EBC90CE63FC /* OCRError.swift */; };
		E8B214AD123F4E758DEAE459 /* OCRResult.swift in Sources */ = {isa = PBXBuildFile; fileRef = 01B724CFBE06474A9FE60BB3 /* OCRResult.swift */; };
		FF6D73D1551645489DCC38E8 /* OCRServiceProtocol.swift in Sources */ = {isa = PBXBuildFile; fileRef = D02B373BE5AE4B039C9552A6 /* OCRServiceProtocol.swift */; };
		A01F68E5F57545AF95822F5E /* TextParser.swift in Sources */ = {isa = PBXBuildFile; fileRef = 7E9EF9580B854672B33622A7 /* TextParser.swift */; };
		2BE8FCFB51914E4598411FF0 /* UIImage+Orientation.swift in Sources */ = {isa = PBXBuildFile; fileRef = B833EA9036E242429892964E /* UIImage+Orientation.swift */; };
		A185B02866E243A4831C3375 /* VisionOCRService.swift in Sources */ = {isa = PBXBuildFile; fileRef = 6C0FB9BDA458468C85208EEF /* VisionOCRService.swift */; };
		4B38FA93A57740B2A3C67447 /* PDFImportService.swift in Sources */ = {isa = PBXBuildFile; fileRef = 7F412CD92F614DF2B47B2CA5 /* PDFImportService.swift */; };
		293E5E6004BA48B3B093CF3E /* ORPHelper.swift in Sources */ = {isa = PBXBuildFile; fileRef = B7F9CA50EBB9474C8951C2A4 /* ORPHelper.swift */; };
		684634533E284DD4967459CC /* RSVPConfiguration.swift in Sources */ = {isa = PBXBuildFile; fileRef = 227522515B4544D3B9F5AF27 /* RSVPConfiguration.swift */; };
		4DF378AD37304BA9A7EBCA64 /* RSVPEngine.swift in Sources */ = {isa = PBXBuildFile; fileRef = A7BACE5EBA564A3094040FEE /* RSVPEngine.swift */; };
		227BF92ED2294E5D9604593A /* RSVPEngineProtocol.swift in Sources */ = {isa = PBXBuildFile; fileRef = B8631568BD8F42209F78EC50 /* RSVPEngineProtocol.swift */; };
		7F0A3DBA7D854F84937B3B5C /* ReaderSettings.swift in Sources */ = {isa = PBXBuildFile; fileRef = 124A927445344DD99C0AE3F6 /* ReaderSettings.swift */; };
/* End PBXBuildFile section */

/* Begin PBXFileReference section */
		64332BB10F024930B472A6EA /* OneWord.app */ = {isa = PBXFileReference; explicitFileType = wrapper.application; includeInIndex = 0; path = OneWord.app; sourceTree = BUILT_PRODUCTS_DIR; };
		4C742F43627445B6ADE62EEF /* OneWordApp.swift */ = {isa = PBXFileReference; lastKnownFileType = sourcecode.swift; path = "Sources/OneWord/OneWordApp.swift"; sourceTree = "<group>"; };
		19E20F7326DD4FD495EE43DB /* DocumentScannerViewModel.swift */ = {isa = PBXFileReference; lastKnownFileType = sourcecode.swift; path = "Sources/OneWord/ViewModels/DocumentScannerViewModel.swift"; sourceTree = "<group>"; };
		1417A597BD104BA18384D898 /* LibraryViewModel.swift */ = {isa = PBXFileReference; lastKnownFileType = sourcecode.swift; path = "Sources/OneWord/ViewModels/LibraryViewModel.swift"; sourceTree = "<group>"; };
		27B3F9E773884B20B5034719 /* RSVPReaderViewModel.swift */ = {isa = PBXFileReference; lastKnownFileType = sourcecode.swift; path = "Sources/OneWord/ViewModels/RSVPReaderViewModel.swift"; sourceTree = "<group>"; };
		96F2748BC9704A32A0912FA3 /* StatsViewModel.swift */ = {isa = PBXFileReference; lastKnownFileType = sourcecode.swift; path = "Sources/OneWord/ViewModels/StatsViewModel.swift"; sourceTree = "<group>"; };
		1E2EAB201BBD4CA2AEA32EAA /* Book.swift */ = {isa = PBXFileReference; lastKnownFileType = sourcecode.swift; path = "Sources/OneWord/Models/Book.swift"; sourceTree = "<group>"; };
		8BC006E57C1148578CDA9CB1 /* BookPage.swift */ = {isa = PBXFileReference; lastKnownFileType = sourcecode.swift; path = "Sources/OneWord/Models/BookPage.swift"; sourceTree = "<group>"; };
		A9AA057AB479452E9B0DB562 /* Document.swift */ = {isa = PBXFileReference; lastKnownFileType = sourcecode.swift; path = "Sources/OneWord/Models/Document.swift"; sourceTree = "<group>"; };
		949BD65CD3414C09B113B02C /* DocumentContent.swift */ = {isa = PBXFileReference; lastKnownFileType = sourcecode.swift; path = "Sources/OneWord/Models/DocumentContent.swift"; sourceTree = "<group>"; };
		2F97EB6AD5804E999A6DA763 /* ModelContainer+Preview.swift */ = {isa = PBXFileReference; lastKnownFileType = sourcecode.swift; path = "Sources/OneWord/Models/ModelContainer+Preview.swift"; sourceTree = "<group>"; };
		F441E3B605B549C8B4B093DB /* ReadingProgress.swift */ = {isa = PBXFileReference; lastKnownFileType = sourcecode.swift; path = "Sources/OneWord/Models/ReadingProgress.swift"; sourceTree = "<group>"; };
		C9906BB7C7F8450880FF5A6D /* ReadingSession.swift */ = {isa = PBXFileReference; lastKnownFileType = sourcecode.swift; path = "Sources/OneWord/Models/ReadingSession.swift"; sourceTree = "<group>"; };
		041014B3F8064044A607A600 /* MainTabView.swift */ = {isa = PBXFileReference; lastKnownFileType = sourcecode.swift; path = "Sources/OneWord/Views/MainTabView.swift"; sourceTree = "<group>"; };
		FE11BAC6385D46BF81C18959 /* RSVPReaderView.swift */ = {isa = PBXFileReference; lastKnownFileType = sourcecode.swift; path = "Sources/OneWord/Views/Reader/RSVPReaderView.swift"; sourceTree = "<group>"; };
		9D353AA01AB14562B28ABCD9 /* LibraryView.swift */ = {isa = PBXFileReference; lastKnownFileType = sourcecode.swift; path = "Sources/OneWord/Views/Library/LibraryView.swift"; sourceTree = "<group>"; };
		26018F34DCEA4970901A6B97 /* AddBookSheetView.swift */ = {isa = PBXFileReference; lastKnownFileType = sourcecode.swift; path = "Sources/OneWord/Views/Books/AddBookSheetView.swift"; sourceTree = "<group>"; };
		F7FDE56490D348309171734E /* BookCoverView.swift */ = {isa = PBXFileReference; lastKnownFileType = sourcecode.swift; path = "Sources/OneWord/Views/Books/BookCoverView.swift"; sourceTree = "<group>"; };
		3DE1EF53888F487A95951726 /* BookDetailView.swift */ = {isa = PBXFileReference; lastKnownFileType = sourcecode.swift; path = "Sources/OneWord/Views/Books/BookDetailView.swift"; sourceTree = "<group>"; };
		368834047E404BBF9081D505 /* CameraPickerView.swift */ = {isa = PBXFileReference; lastKnownFileType = sourcecode.swift; path = "Sources/OneWord/Views/Scanner/CameraPickerView.swift"; sourceTree = "<group>"; };
		2C3C26199E1C4890A3510550 /* DocumentScannerView.swift */ = {isa = PBXFileReference; lastKnownFileType = sourcecode.swift; path = "Sources/OneWord/Views/Scanner/DocumentScannerView.swift"; sourceTree = "<group>"; };
		9E9ECBE5287040CC85C34CB8 /* VisionDocumentScannerView.swift */ = {isa = PBXFileReference; lastKnownFileType = sourcecode.swift; path = "Sources/OneWord/Views/Scanner/VisionDocumentScannerView.swift"; sourceTree = "<group>"; };
		67184A080EC649EC8F805660 /* StatsView.swift */ = {isa = PBXFileReference; lastKnownFileType = sourcecode.swift; path = "Sources/OneWord/Views/Stats/StatsView.swift"; sourceTree = "<group>"; };
		D182988416374EBC90CE63FC /* OCRError.swift */ = {isa = PBXFileReference; lastKnownFileType = sourcecode.swift; path = "Sources/OneWord/Services/OCR/OCRError.swift"; sourceTree = "<group>"; };
		01B724CFBE06474A9FE60BB3 /* OCRResult.swift */ = {isa = PBXFileReference; lastKnownFileType = sourcecode.swift; path = "Sources/OneWord/Services/OCR/OCRResult.swift"; sourceTree = "<group>"; };
		D02B373BE5AE4B039C9552A6 /* OCRServiceProtocol.swift */ = {isa = PBXFileReference; lastKnownFileType = sourcecode.swift; path = "Sources/OneWord/Services/OCR/OCRServiceProtocol.swift"; sourceTree = "<group>"; };
		7E9EF9580B854672B33622A7 /* TextParser.swift */ = {isa = PBXFileReference; lastKnownFileType = sourcecode.swift; path = "Sources/OneWord/Services/OCR/TextParser.swift"; sourceTree = "<group>"; };
		B833EA9036E242429892964E /* UIImage+Orientation.swift */ = {isa = PBXFileReference; lastKnownFileType = sourcecode.swift; path = "Sources/OneWord/Services/OCR/UIImage+Orientation.swift"; sourceTree = "<group>"; };
		6C0FB9BDA458468C85208EEF /* VisionOCRService.swift */ = {isa = PBXFileReference; lastKnownFileType = sourcecode.swift; path = "Sources/OneWord/Services/OCR/VisionOCRService.swift"; sourceTree = "<group>"; };
		7F412CD92F614DF2B47B2CA5 /* PDFImportService.swift */ = {isa = PBXFileReference; lastKnownFileType = sourcecode.swift; path = "Sources/OneWord/Services/Document/PDFImportService.swift"; sourceTree = "<group>"; };
		B7F9CA50EBB9474C8951C2A4 /* ORPHelper.swift */ = {isa = PBXFileReference; lastKnownFileType = sourcecode.swift; path = "Sources/OneWord/Services/RSVP/ORPHelper.swift"; sourceTree = "<group>"; };
		227522515B4544D3B9F5AF27 /* RSVPConfiguration.swift */ = {isa = PBXFileReference; lastKnownFileType = sourcecode.swift; path = "Sources/OneWord/Services/RSVP/RSVPConfiguration.swift"; sourceTree = "<group>"; };
		A7BACE5EBA564A3094040FEE /* RSVPEngine.swift */ = {isa = PBXFileReference; lastKnownFileType = sourcecode.swift; path = "Sources/OneWord/Services/RSVP/RSVPEngine.swift"; sourceTree = "<group>"; };
		B8631568BD8F42209F78EC50 /* RSVPEngineProtocol.swift */ = {isa = PBXFileReference; lastKnownFileType = sourcecode.swift; path = "Sources/OneWord/Services/RSVP/RSVPEngineProtocol.swift"; sourceTree = "<group>"; };
		124A927445344DD99C0AE3F6 /* ReaderSettings.swift */ = {isa = PBXFileReference; lastKnownFileType = sourcecode.swift; path = "Sources/OneWord/Services/RSVP/ReaderSettings.swift"; sourceTree = "<group>"; };
/* End PBXFileReference section */

/* Begin PBXFrameworksBuildPhase section */
		5F0E0DAA6CCC447BBCB9D03D /* Frameworks */ = {
			isa = PBXFrameworksBuildPhase;
			buildActionMask = 2147483647;
			files = (
			);
			runOnlyForDeploymentPostprocessing = 0;
		};
/* End PBXFrameworksBuildPhase section */

/* Begin PBXGroup section */
		34F2690E9877456F938305A9 = {
			isa = PBXGroup;
			children = (
				F8BBA8869FB34AA2B3CAD1D9 /* OneWord Sources */,
				73F17837A0EE4EE9A4E4D649 /* Products */,
			);
			sourceTree = "<group>";
		};
		73F17837A0EE4EE9A4E4D649 /* Products */ = {
			isa = PBXGroup;
			children = (
				64332BB10F024930B472A6EA /* OneWord.app */,
			);
			name = Products;
			sourceTree = "<group>";
		};
		F8BBA8869FB34AA2B3CAD1D9 /* OneWord Sources */ = {
			isa = PBXGroup;
			children = (
				4C742F43627445B6ADE62EEF /* OneWordApp.swift */,
				19E20F7326DD4FD495EE43DB /* DocumentScannerViewModel.swift */,
				1417A597BD104BA18384D898 /* LibraryViewModel.swift */,
				27B3F9E773884B20B5034719 /* RSVPReaderViewModel.swift */,
				96F2748BC9704A32A0912FA3 /* StatsViewModel.swift */,
				1E2EAB201BBD4CA2AEA32EAA /* Book.swift */,
				8BC006E57C1148578CDA9CB1 /* BookPage.swift */,
				A9AA057AB479452E9B0DB562 /* Document.swift */,
				949BD65CD3414C09B113B02C /* DocumentContent.swift */,
				2F97EB6AD5804E999A6DA763 /* ModelContainer+Preview.swift */,
				F441E3B605B549C8B4B093DB /* ReadingProgress.swift */,
				C9906BB7C7F8450880FF5A6D /* ReadingSession.swift */,
				041014B3F8064044A607A600 /* MainTabView.swift */,
				FE11BAC6385D46BF81C18959 /* RSVPReaderView.swift */,
				9D353AA01AB14562B28ABCD9 /* LibraryView.swift */,
				26018F34DCEA4970901A6B97 /* AddBookSheetView.swift */,
				F7FDE56490D348309171734E /* BookCoverView.swift */,
				3DE1EF53888F487A95951726 /* BookDetailView.swift */,
				368834047E404BBF9081D505 /* CameraPickerView.swift */,
				2C3C26199E1C4890A3510550 /* DocumentScannerView.swift */,
				9E9ECBE5287040CC85C34CB8 /* VisionDocumentScannerView.swift */,
				67184A080EC649EC8F805660 /* StatsView.swift */,
				D182988416374EBC90CE63FC /* OCRError.swift */,
				01B724CFBE06474A9FE60BB3 /* OCRResult.swift */,
				D02B373BE5AE4B039C9552A6 /* OCRServiceProtocol.swift */,
				7E9EF9580B854672B33622A7 /* TextParser.swift */,
				B833EA9036E242429892964E /* UIImage+Orientation.swift */,
				6C0FB9BDA458468C85208EEF /* VisionOCRService.swift */,
				7F412CD92F614DF2B47B2CA5 /* PDFImportService.swift */,
				B7F9CA50EBB9474C8951C2A4 /* ORPHelper.swift */,
				227522515B4544D3B9F5AF27 /* RSVPConfiguration.swift */,
				A7BACE5EBA564A3094040FEE /* RSVPEngine.swift */,
				B8631568BD8F42209F78EC50 /* RSVPEngineProtocol.swift */,
				124A927445344DD99C0AE3F6 /* ReaderSettings.swift */,
			);
			name = "OneWord Sources";
			path = OneWord;
			sourceTree = "<group>";
		};
/* End PBXGroup section */

/* Begin PBXNativeTarget section */
		D91FEC2EB4BA4932B3F37139 /* OneWord */ = {
			isa = PBXNativeTarget;
			buildConfigurationList = 20672EAAC8D0415A9A06EF36 /* Build configuration list for PBXNativeTarget "OneWord" */;
			buildPhases = (
				8D7D46B148914DD2B188C88B /* Sources */,
				5F0E0DAA6CCC447BBCB9D03D /* Frameworks */,
				E09488B965B84F2DB8EC1C4C /* Resources */,
			);
			buildRules = (
			);
			dependencies = (
			);
			name = OneWord;
			productName = OneWord;
			productReference = 64332BB10F024930B472A6EA /* OneWord.app */;
			productType = "com.apple.product-type.application";
		};
/* End PBXNativeTarget section */

/* Begin PBXProject section */
		1B1E3332333345D09C0AB899 /* Project object */ = {
			isa = PBXProject;
			attributes = {
				BuildIndependentTargetsInParallel = 1;
				LastUpgradeCheck = 1600;
				TargetAttributes = {
					D91FEC2EB4BA4932B3F37139 = {
						CreatedOnToolsVersion = 16.0;
					};
				};
			};
			buildConfigurationList = CA32BA912A3C4C73A691C707 /* Build configuration list for PBXProject "OneWord" */;
			compatibilityVersion = "Xcode 14.0";
			developmentRegion = en;
			hasScannedForEncodings = 0;
			knownRegions = (
				en,
				Base,
			);
			mainGroup = 34F2690E9877456F938305A9;
			productRefGroup = 73F17837A0EE4EE9A4E4D649 /* Products */;
			projectDirPath = "";
			projectRoot = "";
			targets = (
				D91FEC2EB4BA4932B3F37139 /* OneWord */,
			);
		};
/* End PBXProject section */

/* Begin PBXResourcesBuildPhase section */
		E09488B965B84F2DB8EC1C4C /* Resources */ = {
			isa = PBXResourcesBuildPhase;
			buildActionMask = 2147483647;
			files = (
			);
			runOnlyForDeploymentPostprocessing = 0;
		};
/* End PBXResourcesBuildPhase section */

/* Begin PBXSourcesBuildPhase section */
		8D7D46B148914DD2B188C88B /* Sources */ = {
			isa = PBXSourcesBuildPhase;
			buildActionMask = 2147483647;
			files = (
				2A497D5428FE44C7B71656E1 /* OneWordApp.swift in Sources */,
				0810CF4B3FC3454F91F35D46 /* DocumentScannerViewModel.swift in Sources */,
				E680F46E546C4A6F83887693 /* LibraryViewModel.swift in Sources */,
				0B90CE2F7DB44EA281C38EFF /* RSVPReaderViewModel.swift in Sources */,
				A50C600993784268A424A148 /* StatsViewModel.swift in Sources */,
				033E34A1B2824F4E9190D33F /* Book.swift in Sources */,
				3A89CA3A94EB4F2180BB26CB /* BookPage.swift in Sources */,
				A38E1D7143AE424B8908F10E /* Document.swift in Sources */,
				A53D21E1FFCB4182BC533E28 /* DocumentContent.swift in Sources */,
				8505CD34EED04A0795FF7A91 /* ModelContainer+Preview.swift in Sources */,
				B20AB61333AD4DDCB3D88575 /* ReadingProgress.swift in Sources */,
				DBBB4741D10B44F8A891BFDF /* ReadingSession.swift in Sources */,
				06433C282FB34656AE5BB753 /* MainTabView.swift in Sources */,
				7F1CFBC847284463AC32E586 /* RSVPReaderView.swift in Sources */,
				C91E324EA66343CF8295EE7A /* LibraryView.swift in Sources */,
				DA8F57D4780146C68108C567 /* AddBookSheetView.swift in Sources */,
				2491B30545E74498B55802AE /* BookCoverView.swift in Sources */,
				60949036E9334D9D99FFB25A /* BookDetailView.swift in Sources */,
				0A1FD850FED84B108AC906C1 /* CameraPickerView.swift in Sources */,
				D2E58741C34B467AAD55B970 /* DocumentScannerView.swift in Sources */,
				8E03FBA8280E4ADC8A9E06A6 /* VisionDocumentScannerView.swift in Sources */,
				B85A882DD41240D7823C9B9E /* StatsView.swift in Sources */,
				5619521A2F764928A32D03D4 /* OCRError.swift in Sources */,
				E8B214AD123F4E758DEAE459 /* OCRResult.swift in Sources */,
				FF6D73D1551645489DCC38E8 /* OCRServiceProtocol.swift in Sources */,
				A01F68E5F57545AF95822F5E /* TextParser.swift in Sources */,
				2BE8FCFB51914E4598411FF0 /* UIImage+Orientation.swift in Sources */,
				A185B02866E243A4831C3375 /* VisionOCRService.swift in Sources */,
				4B38FA93A57740B2A3C67447 /* PDFImportService.swift in Sources */,
				293E5E6004BA48B3B093CF3E /* ORPHelper.swift in Sources */,
				684634533E284DD4967459CC /* RSVPConfiguration.swift in Sources */,
				4DF378AD37304BA9A7EBCA64 /* RSVPEngine.swift in Sources */,
				227BF92ED2294E5D9604593A /* RSVPEngineProtocol.swift in Sources */,
				7F0A3DBA7D854F84937B3B5C /* ReaderSettings.swift in Sources */,
			);
			runOnlyForDeploymentPostprocessing = 0;
		};
/* End PBXSourcesBuildPhase section */

/* Begin XCBuildConfiguration section */
		A94AEDAA2A80456FAEBBD922 /* Debug */ = {
			isa = XCBuildConfiguration;
			buildSettings = {
				ALWAYS_SEARCH_USER_PATHS = NO;
				CLANG_ANALYZER_NONNULL = YES;
				CLANG_CXX_LANGUAGE_STANDARD = "gnu++20";
				CLANG_ENABLE_MODULES = YES;
				CLANG_ENABLE_OBJC_ARC = YES;
				COPY_PHASE_STRIP = NO;
				DEBUG_INFORMATION_FORMAT = dwarf;
				ENABLE_STRICT_OBJC_MSGSEND = YES;
				ENABLE_TESTABILITY = YES;
				GCC_DYNAMIC_NO_PIC = NO;
				GCC_NO_COMMON_BLOCKS = YES;
				GCC_OPTIMIZATION_LEVEL = 0;
				GCC_PREPROCESSOR_DEFINITIONS = (
					"DEBUG=1",
					"$(inherited)",
				);
				IPHONEOS_DEPLOYMENT_TARGET = 17.0;
				MTL_ENABLE_DEBUG_INFO = INCLUDE_SOURCE;
				ONLY_ACTIVE_ARCH = YES;
				SDKROOT = iphoneos;
				SWIFT_ACTIVE_COMPILATION_CONDITIONS = "DEBUG $(inherited)";
				SWIFT_OPTIMIZATION_LEVEL = "-Onone";
				SWIFT_VERSION = 5.0;
			};
			name = Debug;
		};
		506B5A1FE3DF4331848CCB66 /* Release */ = {
			isa = XCBuildConfiguration;
			buildSettings = {
				ALWAYS_SEARCH_USER_PATHS = NO;
				CLANG_ANALYZER_NONNULL = YES;
				CLANG_CXX_LANGUAGE_STANDARD = "gnu++20";
				CLANG_ENABLE_MODULES = YES;
				CLANG_ENABLE_OBJC_ARC = YES;
				COPY_PHASE_STRIP = NO;
				DEBUG_INFORMATION_FORMAT = "dwarf-with-dsym";
				ENABLE_NS_ASSERTIONS = NO;
				ENABLE_STRICT_OBJC_MSGSEND = YES;
				GCC_NO_COMMON_BLOCKS = YES;
				IPHONEOS_DEPLOYMENT_TARGET = 17.0;
				MTL_ENABLE_DEBUG_INFO = NO;
				SDKROOT = iphoneos;
				SWIFT_COMPILATION_MODE = "wholemodule";
				SWIFT_OPTIMIZATION_LEVEL = "-O";
				SWIFT_VERSION = 5.0;
			};
			name = Release;
		};
		68E063B308A0487BA001C83E /* Debug */ = {
			isa = XCBuildConfiguration;
			buildSettings = {
				ASSETCATALOG_COMPILER_APPICON_NAME = AppIcon;
				CODE_SIGN_STYLE = Automatic;
				CURRENT_PROJECT_VERSION = 1;
				GENERATE_INFOPLIST_FILE = NO;
				INFOPLIST_FILE = "OneWord/Sources/OneWord/Resources/Info.plist";
				INFOPLIST_KEY_CFBundleDisplayName = OneWord;
				INFOPLIST_KEY_LSApplicationCategoryType = "public.app-category.education";
				INFOPLIST_KEY_UILaunchScreen_Generation = YES;
				LD_RUNPATH_SEARCH_PATHS = (
					"$(inherited)",
					"@executable_path/Frameworks",
				);
				MARKETING_VERSION = 1.0;
				PRODUCT_BUNDLE_IDENTIFIER = com.oneword.rsvp;
				PRODUCT_NAME = "$(TARGET_NAME)";
				SWIFT_EMIT_LOC_STRINGS = YES;
				TARGETED_DEVICE_FAMILY = "1,2";
			};
			name = Debug;
		};
		257FBE7DA38042A98089EFD5 /* Release */ = {
			isa = XCBuildConfiguration;
			buildSettings = {
				ASSETCATALOG_COMPILER_APPICON_NAME = AppIcon;
				CODE_SIGN_STYLE = Automatic;
				CURRENT_PROJECT_VERSION = 1;
				GENERATE_INFOPLIST_FILE = NO;
				INFOPLIST_FILE = "OneWord/Sources/OneWord/Resources/Info.plist";
				INFOPLIST_KEY_CFBundleDisplayName = OneWord;
				INFOPLIST_KEY_LSApplicationCategoryType = "public.app-category.education";
				INFOPLIST_KEY_UILaunchScreen_Generation = YES;
				LD_RUNPATH_SEARCH_PATHS = (
					"$(inherited)",
					"@executable_path/Frameworks",
				);
				MARKETING_VERSION = 1.0;
				PRODUCT_BUNDLE_IDENTIFIER = com.oneword.rsvp;
				PRODUCT_NAME = "$(TARGET_NAME)";
				SWIFT_EMIT_LOC_STRINGS = YES;
				TARGETED_DEVICE_FAMILY = "1,2";
			};
			name = Release;
		};
/* End XCBuildConfiguration section */

/* Begin XCConfigurationList section */
		CA32BA912A3C4C73A691C707 /* Build configuration list for PBXProject "OneWord" */ = {
			isa = XCConfigurationList;
			buildConfigurations = (
				A94AEDAA2A80456FAEBBD922 /* Debug */,
				506B5A1FE3DF4331848CCB66 /* Release */,
			);
			defaultConfigurationIsVisible = 0;
			defaultConfigurationName = Release;
		};
		20672EAAC8D0415A9A06EF36 /* Build configuration list for PBXNativeTarget "OneWord" */ = {
			isa = XCConfigurationList;
			buildConfigurations = (
				68E063B308A0487BA001C83E /* Debug */,
				257FBE7DA38042A98089EFD5 /* Release */,
			);
			defaultConfigurationIsVisible = 0;
			defaultConfigurationName = Release;
		};
/* End XCConfigurationList section */

	};
	rootObject = 1B1E3332333345D09C0AB899 /* Project object */;
}
